	<Project xmlns="http://schemas.microsoft.com/developer/msbuild/2003">
		<PropertyGroup>
			<ProjectGuid>{1279E93C-F0B9-4259-8034-866031AB8F52}</ProjectGuid>
			<MainSource>ContractsRegistration.DPR</MainSource>
			<Base>True</Base>
			<Config Condition="'$(Config)'==''">Debug</Config>
			<AppType>Application</AppType>
			<FrameworkType>VCL</FrameworkType>
			<DCC_DCCCompiler>DCC32</DCC_DCCCompiler>
			<ProjectVersion>13.4</ProjectVersion>
			<Platform Condition="'$(Platform)'==''">Win32</Platform>
			<TargetedPlatforms>1</TargetedPlatforms>
			<Platform>Win32</Platform>
		</PropertyGroup>
		<PropertyGroup Condition="'$(Config)'=='Base' or '$(Base)'!=''">
			<Base>true</Base>
		</PropertyGroup>
		<PropertyGroup Condition="'$(Config)'=='Release' or '$(Cfg_1)'!=''">
			<Cfg_1>true</Cfg_1>
			<CfgParent>Base</CfgParent>
			<Base>true</Base>
		</PropertyGroup>
		<PropertyGroup Condition="('$(Platform)'=='Win32' and '$(Cfg_1)'=='true') or '$(Cfg_1_Win32)'!=''">
			<Cfg_1_Win32>true</Cfg_1_Win32>
			<CfgParent>Cfg_1</CfgParent>
			<Cfg_1>true</Cfg_1>
			<Base>true</Base>
		</PropertyGroup>
		<PropertyGroup Condition="'$(Config)'=='Debug' or '$(Cfg_2)'!=''">
			<Cfg_2>true</Cfg_2>
			<CfgParent>Base</CfgParent>
			<Base>true</Base>
		</PropertyGroup>
		<PropertyGroup Condition="('$(Platform)'=='Win32' and '$(Cfg_2)'=='true') or '$(Cfg_2_Win32)'!=''">
			<Cfg_2_Win32>true</Cfg_2_Win32>
			<CfgParent>Cfg_2</CfgParent>
			<Cfg_2>true</Cfg_2>
			<Base>true</Base>
		</PropertyGroup>
		<PropertyGroup Condition="'$(Base)'!=''">
			<VerInfo_Build>4</VerInfo_Build>
			<VerInfo_Keys>CompanyName=;FileDescription=;FileVersion=1.8.15.4;InternalName=;LegalCopyright=;LegalTrademarks=;OriginalFilename=;ProductName=;ProductVersion=1.0.0.0;Comments=</VerInfo_Keys>
			<VerInfo_Locale>1049</VerInfo_Locale>
			<DCC_Namespace>Vcl;Vcl.Imaging;Vcl.Touch;Vcl.Samples;Vcl.Shell;System;Xml;Data;Datasnap;Web;Soap;Winapi;System.Win;Bde;$(DCC_Namespace)</DCC_Namespace>
			<VerInfo_MinorVer>8</VerInfo_MinorVer>
			<VerInfo_IncludeVerInfo>true</VerInfo_IncludeVerInfo>
			<VerInfo_Release>15</VerInfo_Release>
			<DCC_ImageBase>00400000</DCC_ImageBase>
			<DCC_MapFile>3</DCC_MapFile>
			<DCC_UsePackage>vclx;vcl;rtl;indy;dsnapcon;dsnap;dbrtl;vcldb;VclSmp;adortl;bdertl;vcldbx;ibxpress;teeui;teedb;tee;dss;visualclx;visualdbclx;vclactnband;vclshlctrls;dclOffice2k;dxCoreD7;dxGDIPlusD7;cxLibraryVCLD7;dxsbD7;dxComnD7;dxBarD7;dxBarDBNavD7;dxBarExtDBItemsD7;dxBarExtItemsD7;dxRibbonD7;dxDockingD7;dac70;CRControls70;dacvcl70;odac70;odacvcl70;$(DCC_UsePackage)</DCC_UsePackage>
			<DCC_UnitSearchPath>$(DELPHI)\Lib\Debug;C:\Program Files\Borland\Delphi7\Source;C:\Program Files\Borland\Delphi7\CRGrid\Source;$(DCC_UnitSearchPath)</DCC_UnitSearchPath>
			<DCC_RemoteDebug>true</DCC_RemoteDebug>
			<DCC_Define>EUREKALOG;EUREKALOG_VER7;$(DCC_Define)</DCC_Define>
			<DCC_K>false</DCC_K>
			<DCC_N>true</DCC_N>
			<DCC_S>false</DCC_S>
			<DCC_F>false</DCC_F>
			<DCC_GenerateStackFrames>true</DCC_GenerateStackFrames>
			<DCC_SymbolReferenceInfo>1</DCC_SymbolReferenceInfo>
			<DCC_E>false</DCC_E>
		</PropertyGroup>
		<PropertyGroup Condition="'$(Cfg_1)'!=''">
			<DCC_LocalDebugSymbols>false</DCC_LocalDebugSymbols>
			<DCC_Define>RELEASE;$(DCC_Define)</DCC_Define>
			<DCC_SymbolReferenceInfo>0</DCC_SymbolReferenceInfo>
			<DCC_DebugInformation>false</DCC_DebugInformation>
		</PropertyGroup>
		<PropertyGroup Condition="'$(Cfg_1_Win32)'!=''">
			<VerInfo_Release>26</VerInfo_Release>
			<VerInfo_Build>79</VerInfo_Build>
			<VerInfo_Keys>CompanyName=;FileDescription=;FileVersion=1.8.26.79;InternalName=;LegalCopyright=;LegalTrademarks=;OriginalFilename=;ProductName=;ProductVersion=1.0.0.0;Comments=</VerInfo_Keys>
			<Manifest_File>None</Manifest_File>
		</PropertyGroup>
		<PropertyGroup Condition="'$(Cfg_2)'!=''">
			<DCC_Define>DEBUG;_VER7;_VER6;_VER6;$(DCC_Define)</DCC_Define>
			<DCC_Optimize>false</DCC_Optimize>
		</PropertyGroup>
		<PropertyGroup Condition="'$(Cfg_2_Win32)'!=''">
			<VerInfo_Build>15</VerInfo_Build>
			<DCC_DebugInfoInExe>true</DCC_DebugInfoInExe>
			<VerInfo_Release>30</VerInfo_Release>
			<VerInfo_Keys>CompanyName=Tarifer.ru;FileDescription=;FileVersion=1.8.30.15;InternalName=ContractRegistration;LegalCopyright=;LegalTrademarks=;OriginalFilename=;ProductName=;ProductVersion=1.8.0.0;Comments=</VerInfo_Keys>
			<Icon_MainIcon>ContractsRegistration_Icon.ico</Icon_MainIcon>
			<Manifest_File>None</Manifest_File>
		</PropertyGroup>
		<ItemGroup>
			<DelphiCompile Include="$(MainSource)">
				<MainSource>MainSource</MainSource>
			</DelphiCompile>
			<DCCReference Include="Main.pas">
				<Form>MainForm</Form>
			</DCCReference>
			<DCCReference Include="TemplateFrm.pas">
				<Form>TemplateForm</Form>
			</DCCReference>
			<DCCReference Include="ConnForm.pas">
				<Form>fmConn</Form>
			</DCCReference>
			<DCCReference Include="RefDocumTypesFrm.pas">
				<Form>RefDocumTypesForm</Form>
			</DCCReference>
			<DCCReference Include="RefFilials.pas">
				<Form>RefFilialsForm</Form>
			</DCCReference>
			<DCCReference Include="RefUserNames.pas">
				<Form>RefUserNamesForm</Form>
			</DCCReference>
			<DCCReference Include="RefCountries.pas">
				<Form>RefCountriesForm</Form>
			</DCCReference>
			<DCCReference Include="RefStartBalances.pas">
				<Form>RefStartBalancesForm</Form>
			</DCCReference>
			<DCCReference Include="RefRegions.pas">
				<Form>RefRegionsForm</Form>
			</DCCReference>
			<DCCReference Include="RefPhoneBlocks.pas">
				<Form>RefPhoneBlocksForm</Form>
			</DCCReference>
			<DCCReference Include="RefAccounts.pas">
				<Form>RefAccountsForm</Form>
			</DCCReference>
			<DCCReference Include="RefTariffs.pas">
				<Form>RefTariffsForm</Form>
			</DCCReference>
			<DCCReference Include="RefOperators.pas">
				<Form>RefOperatorsForm</Form>
			</DCCReference>
			<DCCReference Include="RefContractCancelTypes.pas">
				<Form>RefContractCancelTypesForm</Form>
			</DCCReference>
			<DCCReference Include="RefAbonents.pas">
				<Form>RefAbonentsForm</Form>
			</DCCReference>
			<DCCReference Include="EditAbonent.pas">
				<Form>EditAbonentForm</Form>
			</DCCReference>
			<DCCReference Include="EditAbonentFrame.pas">
				<Form>EditAbonentFrme</Form>
				<DesignClass>TFrame</DesignClass>
			</DCCReference>
			<DCCReference Include="ContractsRegistration_Utils.pas">
				<Form>dmUtils</Form>
				<DesignClass>TDataModule</DesignClass>
			</DCCReference>
			<DCCReference Include="JornalAll.pas">
				<Form>JornalAllForm</Form>
			</DCCReference>
			<DCCReference Include="EditContract.pas">
				<Form>EditContractForm</Form>
			</DCCReference>
			<DCCReference Include="JornalAllFilter.pas">
				<Form>JornalAllFilterForm</Form>
			</DCCReference>
			<DCCReference Include="CancelContract.pas">
				<Form>CancelContractForm</Form>
			</DCCReference>
			<DCCReference Include="SelectContract.pas">
				<Form>SelectContractForm</Form>
			</DCCReference>
			<DCCReference Include="RegisterPayment.pas">
				<Form>RegisterPaymentForm</Form>
			</DCCReference>
			<DCCReference Include="ChangeContract.pas">
				<Form>ChangeContractForm</Form>
			</DCCReference>
			<DCCReference Include="ShowUserStat.pas">
				<Form>ShowUserStatForm</Form>
			</DCCReference>
			<DCCReference Include="LoadData.pas">
				<Form>LoadDataFrm</Form>
			</DCCReference>
			<DCCReference Include="IntecExportGrid.pas">
				<Form>SelectPrintColumnsForm</Form>
			</DCCReference>
			<DCCReference Include="ReportBalance.pas">
				<Form>ReportBalanceFrm</Form>
			</DCCReference>
			<DCCReference Include="ReportActiveNumberNoContracts.pas">
				<Form>ReportActiveNumberNoContractsFrm</Form>
			</DCCReference>
			<DCCReference Include="ReportPhoneStat.pas">
				<Form>ReportPhoneStatFrm</Form>
			</DCCReference>
			<DCCReference Include="ReportProfit.pas">
				<Form>ReportProfitFrm</Form>
			</DCCReference>
			<DCCReference Include="ReportSummaryMinutes.pas">
				<Form>ReportSummaryMinutesFrm</Form>
			</DCCReference>
			<DCCReference Include="CRStrUtils.pas"/>
			<DCCReference Include="SendSms.pas">
				<Form>SendSmsFrm</Form>
			</DCCReference>
			<DCCReference Include="RefSendSMSParametres.pas">
				<Form>RefProvidersFrm</Form>
			</DCCReference>
			<DCCReference Include="BlockList.pas">
				<Form>BlockListFrm</Form>
			</DCCReference>
			<DCCReference Include="UnBlockList.pas">
				<Form>UnBlockListFrm</Form>
			</DCCReference>
			<DCCReference Include="ReportSendSms.pas">
				<Form>ReportSendSmsFrm</Form>
			</DCCReference>
			<DCCReference Include="ReportAbonPay.pas">
				<Form>ReportAbonPayFrm</Form>
			</DCCReference>
			<DCCReference Include="ReportPhonePayments.pas">
				<Form>ReportPhonePaymentsFrm</Form>
			</DCCReference>
			<DCCReference Include="RefTariffOptions.pas">
				<Form>RefTariffOptionsForm</Form>
			</DCCReference>
			<DCCReference Include="ReportTariffViolations.pas">
				<Form>ReportTariffViolationsFrm</Form>
			</DCCReference>
			<DCCReference Include="RefFixingBalances.pas">
				<Form>RefFixingBalancesFrm</Form>
			</DCCReference>
			<DCCReference Include="ReportSendSmsEndMonth.pas">
				<Form>ReportSendSmsEndMonthFrm</Form>
			</DCCReference>
			<DCCReference Include="BeelineLoadFrm.pas">
				<Form>BeelineLoadForm</Form>
			</DCCReference>
			<DCCReference Include="RefDiscounts.pas">
				<Form>TemplateForm1</Form>
			</DCCReference>
			<DCCReference Include="ReportDiscounts.pas">
				<Form>ReportDiscountsFrm</Form>
			</DCCReference>
			<DCCReference Include="ReportBills.pas">
				<Form>ReportBills</Form>
			</DCCReference>
			<DCCReference Include="ReportPhoneForBlockSave.pas">
				<Form>ReportPhoneForBlockSaveForm</Form>
			</DCCReference>
			<DCCReference Include="ReportBalanceOnEndMonth.pas">
				<Form>ReportBalanceOnEndMonthForm</Form>
			</DCCReference>
			<DCCReference Include="ShowBillDetails.pas">
				<Form>ShowBillDetailsForm</Form>
			</DCCReference>
			<DCCReference Include="ReportHandBlockNumbers.pas">
				<Form>Form1</Form>
			</DCCReference>
			<DCCReference Include="ReportFieldDetails.pas">
				<Form>ReportFieldDetailsForm</Form>
			</DCCReference>
			<DCCReference Include="ReportNumWithoutAbonPay.pas">
				<Form>ReportNumWithoutAbonPayFrm</Form>
			</DCCReference>
			<DCCReference Include="ReportContractHandBlock.pas">
				<Form>ReportContractHandBlockForm</Form>
			</DCCReference>
			<DCCReference Include="ReportTariferPayments.pas">
				<Form>ReportTariferPaymentsForm</Form>
			</DCCReference>
			<DCCReference Include="ReportVirtualPayments.pas">
				<Form>ReportVirtualPaymentsForm</Form>
			</DCCReference>
			<DCCReference Include="ShowBalanceChange.pas">
				<Form>ShowBalanceChangeForm</Form>
			</DCCReference>
			<DCCReference Include="ReportBalanceChange.pas">
				<Form>ReportBalanceChangeForm</Form>
			</DCCReference>
			<DCCReference Include="ShowPayments.pas">
				<Form>ShowPayments</Form>
			</DCCReference>
			<DCCReference Include="ReportAccountPhones.pas"/>
			<DCCReference Include="RefRightsTypeAccount.pas">
				<Form>RefRightsTypeAccount</Form>
			</DCCReference>
			<DCCReference Include="ChangePassword.pas">
				<Form>ChangePassword</Form>
			</DCCReference>
			<DCCReference Include="ReportHotBillingDelay.pas">
				<Form>ReportHotBillingDelayForm</Form>
			</DCCReference>
			<DCCReference Include="RefAccountBillLoad.pas">
				<Form>RefAccountBillLoadForm</Form>
			</DCCReference>
			<DCCReference Include="ReportBillViols.pas">
				<Form>ReportBillViolsForm</Form>
			</DCCReference>
			<DCCReference Include="ReportFinanceModule.pas">
				<Form>ReportFinance</Form>
			</DCCReference>
			<DCCReference Include="PassWord.pas">
				<Form>PasswordDlg</Form>
			</DCCReference>
			<DCCReference Include="ReportYearBilssDayAbon.pas">
				<Form>ReportYearBilssDayAbonForm</Form>
			</DCCReference>
			<DCCReference Include="ChangeTariffArray.pas">
				<Form>ChangeTariffArrayForm</Form>
			</DCCReference>
			<DCCReference Include="RefCopyDatabase.pas">
				<Form>RefCopyDataBaseForm</Form>
			</DCCReference>
			<DCCReference Include="PhoneNumberInputFrm.pas">
				<Form>PhoneNumberInputForm</Form>
			</DCCReference>
			<DCCReference Include="ReportPaymentWithoutContracts.pas">
				<Form>ReportPaymentWithoutContractsForm</Form>
			</DCCReference>
			<DCCReference Include="ReportReplaceSIM.pas">
				<Form>ReportReplaceSIMFrm</Form>
			</DCCReference>
			<DCCReference Include="RefPhonesWithDailyAbon.pas">
				<Form>PhonesWithDailyAbonForm</Form>
			</DCCReference>
			<DCCReference Include="DMUnit.pas">
				<Form>DM</Form>
				<DesignClass>TDataModule</DesignClass>
			</DCCReference>
			<DCCReference Include="RegisterPaymentGroup.pas">
				<Form>RegisterPaymentGroupForm</Form>
			</DCCReference>
			<DCCReference Include="RepCalcBalance.pas">
				<Form>RepCalcBalanceFRM</Form>
			</DCCReference>
			<DCCReference Include="WSlider.pas"/>
			<DCCReference Include="ExportGridToExcelPDF.pas"/>
			<DCCReference Include="RefTariff_option.pas">
				<Form>Tariff_option</Form>
			</DCCReference>
			<DCCReference Include="RefPhoneUsername.pas">
				<Form>RefPhoneUsernameForm</Form>
			</DCCReference>
			<DCCReference Include="MonitorEvents.pas">
				<Form>MonitorEv</Form>
			</DCCReference>
			<DCCReference Include="ReportListPhones.pas">
				<Form>fReportListPhones</Form>
			</DCCReference>
			<DCCReference Include="ReportHotBillingMonitor.pas">
				<Form>Form2</Form>
			</DCCReference>
			<DCCReference Include="ShowUserTurnOnOffOption.pas">
				<Form>ShowUserTurnOnOffOptionForm</Form>
			</DCCReference>
			<DCCReference Include="RefInactivePhoneLessCont.pas">
				<Form>RefInactivePhoneLessContForm</Form>
			</DCCReference>
			<DCCReference Include="LoadInactivePhoneLessCont.pas">
				<Form>LoadInactivePhoneLessContForm</Form>
			</DCCReference>
			<DCCReference Include="RefMaskBeauty.pas">
				<Form>RefMaskBeautyForm</Form>
			</DCCReference>
			<DCCReference Include="ReportCurrentQueueSMS.pas">
				<Form>fReportCurrentQueueSMS</Form>
			</DCCReference>
			<DCCReference Include="ReportAccountPeriod.pas">
				<Form>ReportAccountPeriodForm</Form>
			</DCCReference>
			<DCCReference Include="ReportAPIRejectBlocks.pas">
				<Form>ReportAPIRejectBlocksForm</Form>
			</DCCReference>
			<DCCReference Include="ReportFrm.pas">
				<Form>ReportForm</Form>
			</DCCReference>
			<DCCReference Include="ReportPhoneReBlock.pas">
				<Form>ReportPhoneReBlockForm</Form>
			</DCCReference>
			<DCCReference Include="ReportLoadAccounts.pas">
				<Form>ReportLoadAccountsForm</Form>
			</DCCReference>
			<DCCReference Include="ReportRoamingRetarifProfit.pas">
				<Form>ReportRoamingRetarifProfitForm</Form>
			</DCCReference>
			<DCCReference Include="dmShowUserStat.pas">
				<Form>dmShowUserSt</Form>
				<DesignClass>TDataModule</DesignClass>
			</DCCReference>
			<DCCReference Include="ReportCallSummaryStat.pas">
				<Form>ReportCallSummaryStatFrm</Form>
			</DCCReference>
			<DCCReference Include="LoadDetail.pas">
				<Form>LoadDetailForm</Form>
			</DCCReference>
			<DCCReference Include="RepPhoneWhisContract.pas">
				<Form>RepPhoneWhisContractfrm</Form>
			</DCCReference>
			<DCCReference Include="ReportGuarantContribut.pas">
				<Form>ReportGuarantContributForm</Form>
			</DCCReference>
			<DCCReference Include="ReportAllSendSms.pas">
				<Form>ReportAllSendSmsFrm</Form>
			</DCCReference>
			<DCCReference Include="MonitorOutgoingCalls.pas">
				<Form>MonitorOutgoingCallsFrm</Form>
			</DCCReference>
			<DCCReference Include="ReportVIP_Group.pas">
				<Form>ReportVipGroupFrm</Form>
			</DCCReference>
			<DCCReference Include="ShowDetalAPI.pas">
				<Form>ShowDetalAPIForm</Form>
			</DCCReference>
			<DCCReference Include="SelectContract_.pas">
				<Form>SelectContractForm_1</Form>
			</DCCReference>
			<DCCReference Include="ReportPayKeeper.pas">
				<Form>PayKeeperFrm</Form>
				<FormType>dfm</FormType>
			</DCCReference>
			<DCCReference Include="RefUnblockSaveSettings.pas">
				<Form>RefUnblockSaveSettingsForm</Form>
				<FormType>dfm</FormType>
			</DCCReference>
			<DCCReference Include="ReportPaidCallTraffic.pas">
				<Form>ReportPaidCallTrafficFrm</Form>
				<FormType>dfm</FormType>
			</DCCReference>
			<DCCReference Include="RefTariffs_Ivideon.pas">
				<Form>RefTariffsForm_Ivideon</Form>
			</DCCReference>
			<DCCReference Include="ShowUserStat_IVIDEON.pas">
				<Form>ShowUserIvideonForm</Form>
			</DCCReference>
			<DCCReference Include="UnBlockList_Ivideon.pas">
				<Form>UnBlockListFrm_Ivideon</Form>
			</DCCReference>
			<DCCReference Include="RefCRMBeelineConformity.pas">
				<Form>RefCRMBeelineConformityForm</Form>
			</DCCReference>
			<BuildConfiguration Include="Debug">
				<Key>Cfg_2</Key>
				<CfgParent>Base</CfgParent>
			</BuildConfiguration>
			<BuildConfiguration Include="Base">
				<Key>Base</Key>
			</BuildConfiguration>
			<BuildConfiguration Include="Release">
				<Key>Cfg_1</Key>
				<CfgParent>Base</CfgParent>
			</BuildConfiguration>
		</ItemGroup>
		<Import Condition="Exists('$(BDS)\Bin\CodeGear.Delphi.Targets')" Project="$(BDS)\Bin\CodeGear.Delphi.Targets"/>
		<Import Condition="Exists('$(APPDATA)\Embarcadero\$(BDSAPPDATABASEDIR)\$(PRODUCTVERSION)\UserTools.proj')" Project="$(APPDATA)\Embarcadero\$(BDSAPPDATABASEDIR)\$(PRODUCTVERSION)\UserTools.proj"/>
		<ProjectExtensions>
			<Borland.Personality>Delphi.Personality.12</Borland.Personality>
			<Borland.ProjectType>VCLApplication</Borland.ProjectType>
			<BorlandProject>
				<Delphi.Personality>
					<Source>
						<Source Name="MainSource">ContractsRegistration.DPR</Source>
					</Source>
					<VersionInfo>
						<VersionInfo Name="IncludeVerInfo">True</VersionInfo>
						<VersionInfo Name="AutoIncBuild">False</VersionInfo>
						<VersionInfo Name="MajorVer">1</VersionInfo>
						<VersionInfo Name="MinorVer">8</VersionInfo>
						<VersionInfo Name="Release">15</VersionInfo>
						<VersionInfo Name="Build">4</VersionInfo>
						<VersionInfo Name="Debug">False</VersionInfo>
						<VersionInfo Name="PreRelease">False</VersionInfo>
						<VersionInfo Name="Special">False</VersionInfo>
						<VersionInfo Name="Private">False</VersionInfo>
						<VersionInfo Name="DLL">False</VersionInfo>
						<VersionInfo Name="Locale">1049</VersionInfo>
						<VersionInfo Name="CodePage">1251</VersionInfo>
					</VersionInfo>
					<VersionInfoKeys>
						<VersionInfoKeys Name="CompanyName"/>
						<VersionInfoKeys Name="FileDescription"/>
						<VersionInfoKeys Name="FileVersion">1.8.15.4</VersionInfoKeys>
						<VersionInfoKeys Name="InternalName"/>
						<VersionInfoKeys Name="LegalCopyright"/>
						<VersionInfoKeys Name="LegalTrademarks"/>
						<VersionInfoKeys Name="OriginalFilename"/>
						<VersionInfoKeys Name="ProductName"/>
						<VersionInfoKeys Name="ProductVersion">1.0.0.0</VersionInfoKeys>
						<VersionInfoKeys Name="Comments"/>
					</VersionInfoKeys>
					<Excluded_Packages>
						<Excluded_Packages Name="C:\Program Files (x86)\FastReports\LibD16\dclfrxDB16.bpl">FastReport 4.0 DB Components</Excluded_Packages>
						<Excluded_Packages Name="$(BDSBIN)\dcloffice2k160.bpl">Microsoft Office 2000 Sample Automation Server Wrapper Components</Excluded_Packages>
						<Excluded_Packages Name="$(BDSBIN)\dclofficexp160.bpl">Microsoft Office XP Sample Automation Server Wrapper Components</Excluded_Packages>
					</Excluded_Packages>
				</Delphi.Personality>
				<Platforms>
					<Platform value="Win64">False</Platform>
					<Platform value="Win32">True</Platform>
				</Platforms>
				<ModelSupport>False</ModelSupport>
			</BorlandProject>
			<ProjectFileVersion>12</ProjectFileVersion>
		</ProjectExtensions>
	</Project>

<!-- EurekaLog First Line
[Exception Log]
EurekaLog Version=7001
Activate=0
AutoCrashOperation=2
boHandleSafeCallExceptions=1
boUseMainModuleOptions=1
CompatibilityMode=1
csoAllowedRenderMethods=64
csoDoNotStoreProcNames=1
csoShowWindowsThreads=1
DeleteMapAfterCompile=0
Email Address="support@tarifer.ru"
Email Object="Bug"
Encrypt Password=tar_173g!
Errors Number=32
Errors Terminate=5
idEurekaLog=1
idEurekaLogDetailed=1
idMSClassic=1
idStepsToReproduce=1
loAppendReproduceText=1
loCatchLeaks=0
loEnableMMDebugMode=0
loFreeAllLeaks=1
loHideRTLLeaks=0
loMaxLeaks=1024
loOnlyUnderIDE=0
loProcessesSection=1
Output Path=""
ProjectID="{8CBD7255-2249-44CC-AA69-A2A42DE91398}"
SMTP From="robot@tarifer.ru"
SMTP Host="tarifer.ru"
SMTP Password="tariferrobot"
SMTP UserID="robot"
sndAddDateInFileName=0
sndBugZillaComponent="Automessage"
sndBugZillaLogin="user"
sndBugZillaPassword="tarifer_user"
sndBugZillaPort=0
sndBugZillaProject="%U0423%U0447%U0451%U0442 %U0430%U0431%U043E%U043D%U0435%U043D%U0442%U043E%U0432"
sndBugZillaURL="bugs.tarifer.ru"
sndFogBugzCategory="Automessage"
sndFogBugzHost="bugs.tarifer.ru"
sndFogBugzLogin="user"
sndFogBugzPassword="tarifer_user"
sndFogBugzPort=0
sndFogBugzProject="%U0423%U0447%U0451%U0442 %U0430%U0431%U043E%U043D%U0435%U043D%U0442%U043E%U0432"
sndFTPLogin=""
sndFTPPort=0
sndFTPURL="bugs.tarifer.ru"
sndHTTPPort=0
sndHTTPURL="bugs.tarifer.ru"
sndJIRAComponent="Automessage"
sndJIRAHost="bugs.tarifer.ru"
sndJIRALogin="user"
sndJIRAPassword="tarifer_user"
sndJIRAPort=0
sndJIRAProject="%U0423%U0447%U0451%U0442 %U0430%U0431%U043E%U043D%U0435%U043D%U0442%U043E%U0432"
sndMantisCategory="Automessage"
sndMantisLogin="user"
sndMantisPassword="tarifer_user"
sndMantisPort=0
sndMantisProject="%U0423%U0447%U0451%U0442 %U0430%U0431%U043E%U043D%U0435%U043D%U0442%U043E%U0432"
sndMantisURL="bugs.tarifer.ru"
sndMAPISubject="Bug"
sndMAPITarget="support@tarifer.ru"
sndScreenshot=3
sndSendEntireLog=1
sndShellRecepient="support@tarifer.ru"
sndShellSubject="Bug"
sndShowSuccessMsg=0
sndSMAPISubject="Bug"
sndSMAPITarget="support@tarifer.ru"
sndSMTPClientFrom="robot@tarifer.ru"
sndSMTPClientHost="tarifer.ru"
sndSMTPClientLogin="robot"
sndSMTPClientPassword="tariferrobot"
sndSMTPClientSubject="Bug"
sndSMTPClientTarget="support@tarifer.ru"
sndSMTPServerFrom="robot@tarifer.ru"
sndSMTPServerSubject="Bug"
sndSMTPServerTarget="support@tarifer.ru"
soActCtlsControlClass=1
soActCtlsControlText=1
soActCtlsFormClass=1
soActCtlsFormText=1
soAppCompilationDate=1
soAppName=1
soAppParameters=1
soAppStartDate=1
soAppUpTime=1
soAppVersionNumber=1
soCmpDisplayDPI=1
soCmpDisplayMode=1
soCmpFreeDisk=1
soCmpFreeMemory=1
soCmpName=1
soCmpPrinter=1
soCmpProcessor=1
soCmpSysUpTime=1
soCmpTotalDisk=1
soCmpTotalMemory=1
soCmpVideoCard=1
soCustomData=1
soExcCount=1
soExcDate=1
soExcModuleName=1
soExcModuleVersion=1
soExcNote=1
soExcStatus=1
soNetDHCP=1
soNetDNS1=1
soNetDNS2=1
soNetGateway=1
soNetIP=1
soNetSubmask=1
soOSBuildN=1
soOSCharset=1
soOSLanguage=1
soOSType=1
soOSUpdate=1
soUserCompany=1
soUserID=1
soUserPrivileges=1
TerminateBtn Operation=0
TextsCollection="Russian"
TrakerCategory="Automessage"
TrakerPassword="tarifer_user"
TrakerProject="%U0423%U0447%U0451%U0442 %U0430%U0431%U043E%U043D%U0435%U043D%U0442%U043E%U0432"
TrakerUser="user"
WebPort=0
WebURL="bugs.tarifer.ru"
EurekaLog Last Line -->
